
Microsoft Visual Studio Solution File, Format Version 12.00
# Visual Studio 14
VisualStudioVersion = 14.0.25420.1
MinimumVisualStudioVersion = 10.0.40219.1
Project("{FAE04EC0-301F-11D3-BF4B-00C04F79EFBC}") = "ProjektArbete1", "ProjektArbete1\ProjektArbete1.csproj", "{B2625FA1-EEA7-4E93-8A2F-3456E6809423}"
EndProject
Project("{FAE04EC0-301F-11D3-BF4B-00C04F79EFBC}") = "TestManager", "TestManager\TestManager.csproj", "{B700DAAA-D92B-4EA6-A119-6C618C0B8B53}"
EndProject
Global
	GlobalSection(SolutionConfigurationPlatforms) = preSolution
		Debug|Any CPU = Debug|Any CPU
		Release|Any CPU = Release|Any CPU
	EndGlobalSection
	GlobalSection(ProjectConfigurationPlatforms) = postSolution
		{B2625FA1-EEA7-4E93-8A2F-3456E6809423}.Debug|Any CPU.ActiveCfg = Debug|Any CPU
		{B2625FA1-EEA7-4E93-8A2F-3456E6809423}.Debug|Any CPU.Build.0 = Debug|Any CPU
		{B2625FA1-EEA7-4E93-8A2F-3456E6809423}.Release|Any CPU.ActiveCfg = Release|Any CPU
		{B2625FA1-EEA7-4E93-8A2F-3456E6809423}.Release|Any CPU.Build.0 = Release|Any CPU
		{B700DAAA-D92B-4EA6-A119-6C618C0B8B53}.Debug|Any CPU.ActiveCfg = Debug|Any CPU
		{B700DAAA-D92B-4EA6-A119-6C618C0B8B53}.Debug|Any CPU.Build.0 = Debug|Any CPU
		{B700DAAA-D92B-4EA6-A119-6C618C0B8B53}.Release|Any CPU.ActiveCfg = Release|Any CPU
		{B700DAAA-D92B-4EA6-A119-6C618C0B8B53}.Release|Any CPU.Build.0 = Release|Any CPU
	EndGlobalSection
	GlobalSection(SolutionProperties) = preSolution
		HideSolutionNode = FALSE
	EndGlobalSection
EndGlobal
