
Microsoft Visual Studio Solution File, Format Version 12.00
# Visual Studio 14
VisualStudioVersion = 14.0.25420.1
MinimumVisualStudioVersion = 10.0.40219.1
Project("{FAE04EC0-301F-11D3-BF4B-00C04F79EFBC}") = "UnitTestPres", "UnitTestPres\UnitTestPres.csproj", "{45954FEF-08BE-400F-9837-37557832D04A}"
EndProject
Project("{FAE04EC0-301F-11D3-BF4B-00C04F79EFBC}") = "ClassLibrary.cs", "ClassLibrary.cs\ClassLibrary.cs.csproj", "{C90EDEE0-DA30-4A96-A4D5-4C351A959E55}"
EndProject
Project("{FAE04EC0-301F-11D3-BF4B-00C04F79EFBC}") = "UnitTestPres.Test", "UnitTestPres.Test\UnitTestPres.Test.csproj", "{4668EF81-8AFF-4F84-B5FF-7F58082C3D43}"
EndProject
Global
	GlobalSection(SolutionConfigurationPlatforms) = preSolution
		Debug|Any CPU = Debug|Any CPU
		Release|Any CPU = Release|Any CPU
	EndGlobalSection
	GlobalSection(ProjectConfigurationPlatforms) = postSolution
		{45954FEF-08BE-400F-9837-37557832D04A}.Debug|Any CPU.ActiveCfg = Debug|Any CPU
		{45954FEF-08BE-400F-9837-37557832D04A}.Debug|Any CPU.Build.0 = Debug|Any CPU
		{45954FEF-08BE-400F-9837-37557832D04A}.Release|Any CPU.ActiveCfg = Release|Any CPU
		{45954FEF-08BE-400F-9837-37557832D04A}.Release|Any CPU.Build.0 = Release|Any CPU
		{C90EDEE0-DA30-4A96-A4D5-4C351A959E55}.Debug|Any CPU.ActiveCfg = Debug|Any CPU
		{C90EDEE0-DA30-4A96-A4D5-4C351A959E55}.Debug|Any CPU.Build.0 = Debug|Any CPU
		{C90EDEE0-DA30-4A96-A4D5-4C351A959E55}.Release|Any CPU.ActiveCfg = Release|Any CPU
		{C90EDEE0-DA30-4A96-A4D5-4C351A959E55}.Release|Any CPU.Build.0 = Release|Any CPU
		{4668EF81-8AFF-4F84-B5FF-7F58082C3D43}.Debug|Any CPU.ActiveCfg = Debug|Any CPU
		{4668EF81-8AFF-4F84-B5FF-7F58082C3D43}.Debug|Any CPU.Build.0 = Debug|Any CPU
		{4668EF81-8AFF-4F84-B5FF-7F58082C3D43}.Release|Any CPU.ActiveCfg = Release|Any CPU
		{4668EF81-8AFF-4F84-B5FF-7F58082C3D43}.Release|Any CPU.Build.0 = Release|Any CPU
	EndGlobalSection
	GlobalSection(SolutionProperties) = preSolution
		HideSolutionNode = FALSE
	EndGlobalSection
EndGlobal
